
Microsoft Visual Studio Solution File, Format Version 10.00
# Visual Studio 2008
Project("{FAE04EC0-301F-11D3-BF4B-00C04F79EFBC}") = "Test", "Test\Test.csproj", "{3B0C62DC-8C14-49C7-B645-7382EE0551A7}"
EndProject
Project("{2150E333-8FDC-42A3-9474-1A3956D46DE8}") = "Solution Items", "Solution Items", "{72208192-26F2-4D68-BEBF-AD7425542A49}"
	ProjectSection(SolutionItems) = preProject
		Live Timing1.vsmdi = Live Timing1.vsmdi
		Live Timing3.vsmdi = Live Timing3.vsmdi
		Live Timing4.vsmdi = Live Timing4.vsmdi
		LocalTestRun.testrunconfig = LocalTestRun.testrunconfig
		Session Keys.txt = Session Keys.txt
	EndProjectSection
EndProject
Project("{FAE04EC0-301F-11D3-BF4B-00C04F79EFBC}") = "F1", "F1\F1.csproj", "{32C5B4E4-D186-432A-BCC4-5F7874733BEC}"
EndProject
Project("{FAE04EC0-301F-11D3-BF4B-00C04F79EFBC}") = "Common", "Common\Common.csproj", "{F8333564-085A-4CCE-9B71-9E79C993E788}"
EndProject
Project("{FAE04EC0-301F-11D3-BF4B-00C04F79EFBC}") = "LivetimingLogger", "Tools\LivetimingLogger\LivetimingLogger.csproj", "{F39B82DA-DCF2-4EF9-8050-66533AE6E02C}"
EndProject
Global
	GlobalSection(TestCaseManagementSettings) = postSolution
		CategoryFile = Live Timing4.vsmdi
	EndGlobalSection
	GlobalSection(SolutionConfigurationPlatforms) = preSolution
		Debug|Any CPU = Debug|Any CPU
		Release|Any CPU = Release|Any CPU
	EndGlobalSection
	GlobalSection(ProjectConfigurationPlatforms) = postSolution
		{3B0C62DC-8C14-49C7-B645-7382EE0551A7}.Debug|Any CPU.ActiveCfg = Debug|Any CPU
		{3B0C62DC-8C14-49C7-B645-7382EE0551A7}.Debug|Any CPU.Build.0 = Debug|Any CPU
		{3B0C62DC-8C14-49C7-B645-7382EE0551A7}.Release|Any CPU.ActiveCfg = Release|Any CPU
		{3B0C62DC-8C14-49C7-B645-7382EE0551A7}.Release|Any CPU.Build.0 = Release|Any CPU
		{32C5B4E4-D186-432A-BCC4-5F7874733BEC}.Debug|Any CPU.ActiveCfg = Debug|Any CPU
		{32C5B4E4-D186-432A-BCC4-5F7874733BEC}.Debug|Any CPU.Build.0 = Debug|Any CPU
		{32C5B4E4-D186-432A-BCC4-5F7874733BEC}.Release|Any CPU.ActiveCfg = Release|Any CPU
		{32C5B4E4-D186-432A-BCC4-5F7874733BEC}.Release|Any CPU.Build.0 = Release|Any CPU
		{F8333564-085A-4CCE-9B71-9E79C993E788}.Debug|Any CPU.ActiveCfg = Debug|Any CPU
		{F8333564-085A-4CCE-9B71-9E79C993E788}.Debug|Any CPU.Build.0 = Debug|Any CPU
		{F8333564-085A-4CCE-9B71-9E79C993E788}.Release|Any CPU.ActiveCfg = Release|Any CPU
		{F8333564-085A-4CCE-9B71-9E79C993E788}.Release|Any CPU.Build.0 = Release|Any CPU
		{F39B82DA-DCF2-4EF9-8050-66533AE6E02C}.Debug|Any CPU.ActiveCfg = Debug|Any CPU
		{F39B82DA-DCF2-4EF9-8050-66533AE6E02C}.Debug|Any CPU.Build.0 = Debug|Any CPU
		{F39B82DA-DCF2-4EF9-8050-66533AE6E02C}.Release|Any CPU.ActiveCfg = Release|Any CPU
		{F39B82DA-DCF2-4EF9-8050-66533AE6E02C}.Release|Any CPU.Build.0 = Release|Any CPU
	EndGlobalSection
	GlobalSection(SolutionProperties) = preSolution
		HideSolutionNode = FALSE
	EndGlobalSection
EndGlobal
