
Microsoft Visual Studio Solution File, Format Version 10.00
# Visual Studio 2008
Project("{FAE04EC0-301F-11D3-BF4B-00C04F79EFBC}") = "F1", "F1\F1.csproj", "{32C5B4E4-D186-432A-BCC4-5F7874733BEC}"
EndProject
Project("{FAE04EC0-301F-11D3-BF4B-00C04F79EFBC}") = "AppCore", "AppCore\AppCore.csproj", "{908BC019-C939-42E7-87B6-54DCDEDE989D}"
EndProject
Project("{FAE04EC0-301F-11D3-BF4B-00C04F79EFBC}") = "Common", "Common\Common.csproj", "{F8333564-085A-4CCE-9B71-9E79C993E788}"
EndProject
Project("{FAE04EC0-301F-11D3-BF4B-00C04F79EFBC}") = "Live Timing Viewer", "Live Timing Viewer\Live Timing Viewer.csproj", "{F56F2350-D559-4FDE-AB99-BB30BA0BAC64}"
EndProject
Global
	GlobalSection(SolutionConfigurationPlatforms) = preSolution
		Debug|Any CPU = Debug|Any CPU
		Release|Any CPU = Release|Any CPU
	EndGlobalSection
	GlobalSection(ProjectConfigurationPlatforms) = postSolution
		{32C5B4E4-D186-432A-BCC4-5F7874733BEC}.Debug|Any CPU.ActiveCfg = Debug|Any CPU
		{32C5B4E4-D186-432A-BCC4-5F7874733BEC}.Debug|Any CPU.Build.0 = Debug|Any CPU
		{32C5B4E4-D186-432A-BCC4-5F7874733BEC}.Release|Any CPU.ActiveCfg = Release|Any CPU
		{32C5B4E4-D186-432A-BCC4-5F7874733BEC}.Release|Any CPU.Build.0 = Release|Any CPU
		{908BC019-C939-42E7-87B6-54DCDEDE989D}.Debug|Any CPU.ActiveCfg = Debug|Any CPU
		{908BC019-C939-42E7-87B6-54DCDEDE989D}.Debug|Any CPU.Build.0 = Debug|Any CPU
		{908BC019-C939-42E7-87B6-54DCDEDE989D}.Release|Any CPU.ActiveCfg = Release|Any CPU
		{908BC019-C939-42E7-87B6-54DCDEDE989D}.Release|Any CPU.Build.0 = Release|Any CPU
		{F8333564-085A-4CCE-9B71-9E79C993E788}.Debug|Any CPU.ActiveCfg = Debug|Any CPU
		{F8333564-085A-4CCE-9B71-9E79C993E788}.Debug|Any CPU.Build.0 = Debug|Any CPU
		{F8333564-085A-4CCE-9B71-9E79C993E788}.Release|Any CPU.ActiveCfg = Release|Any CPU
		{F8333564-085A-4CCE-9B71-9E79C993E788}.Release|Any CPU.Build.0 = Release|Any CPU
		{F56F2350-D559-4FDE-AB99-BB30BA0BAC64}.Debug|Any CPU.ActiveCfg = Debug|Any CPU
		{F56F2350-D559-4FDE-AB99-BB30BA0BAC64}.Debug|Any CPU.Build.0 = Debug|Any CPU
		{F56F2350-D559-4FDE-AB99-BB30BA0BAC64}.Release|Any CPU.ActiveCfg = Release|Any CPU
		{F56F2350-D559-4FDE-AB99-BB30BA0BAC64}.Release|Any CPU.Build.0 = Release|Any CPU
	EndGlobalSection
	GlobalSection(SolutionProperties) = preSolution
		HideSolutionNode = FALSE
	EndGlobalSection
EndGlobal
